
Microsoft Visual Studio Solution File, Format Version 12.00
# Visual Studio Version 16
VisualStudioVersion = 16.0.29102.190
MinimumVisualStudioVersion = 10.0.40219.1
Project("{2150E333-8FDC-42A3-9474-1A3956D46DE8}") = "1. Presentation", "1. Presentation", "{DB87C6FB-6949-41A4-BB6C-0A07F0A25122}"
EndProject
Project("{2150E333-8FDC-42A3-9474-1A3956D46DE8}") = "2. Application", "2. Application", "{FB29E707-F2CD-4439-BDDD-777FD2BDF86C}"
EndProject
Project("{2150E333-8FDC-42A3-9474-1A3956D46DE8}") = "3. Domain", "3. Domain", "{EF54CD28-CE84-4AA6-B6AD-0E53334BE91E}"
EndProject
Project("{2150E333-8FDC-42A3-9474-1A3956D46DE8}") = "4. Infraestructure", "4. Infraestructure", "{A1A54E70-62A9-4A40-B82A-EACBB1ADE704}"
EndProject
Project("{FAE04EC0-301F-11D3-BF4B-00C04F79EFBC}") = "UserCrud.WebUI", "Presentation\UserCrud.WebUI\UserCrud.WebUI.csproj", "{2DF986C6-66C1-4E5A-BB8B-F9213D46930E}"
EndProject
Global
	GlobalSection(SolutionConfigurationPlatforms) = preSolution
		Debug|Any CPU = Debug|Any CPU
		Release|Any CPU = Release|Any CPU
	EndGlobalSection
	GlobalSection(ProjectConfigurationPlatforms) = postSolution
		{2DF986C6-66C1-4E5A-BB8B-F9213D46930E}.Debug|Any CPU.ActiveCfg = Debug|Any CPU
		{2DF986C6-66C1-4E5A-BB8B-F9213D46930E}.Debug|Any CPU.Build.0 = Debug|Any CPU
		{2DF986C6-66C1-4E5A-BB8B-F9213D46930E}.Release|Any CPU.ActiveCfg = Release|Any CPU
		{2DF986C6-66C1-4E5A-BB8B-F9213D46930E}.Release|Any CPU.Build.0 = Release|Any CPU
	EndGlobalSection
	GlobalSection(SolutionProperties) = preSolution
		HideSolutionNode = FALSE
	EndGlobalSection
	GlobalSection(NestedProjects) = preSolution
		{2DF986C6-66C1-4E5A-BB8B-F9213D46930E} = {DB87C6FB-6949-41A4-BB6C-0A07F0A25122}
	EndGlobalSection
	GlobalSection(ExtensibilityGlobals) = postSolution
		SolutionGuid = {3B7A3CEE-2DF0-4E2C-8A98-D7F4C8680F99}
	EndGlobalSection
EndGlobal
